// !$*UTF8*$!
{
	archiveVersion = 1;
	classes = {
	};
	objectVersion = 60;
	objects = {

/* Begin PBXBuildFile section */
		733630932BC3B2A600A36FD7 /* MoviesAppApp.swift in Sources */ = {isa = PBXBuildFile; fileRef = 733630922BC3B2A600A36FD7 /* MoviesAppApp.swift */; };
		733630952BC3B2A600A36FD7 /* ContentView.swift in Sources */ = {isa = PBXBuildFile; fileRef = 733630942BC3B2A600A36FD7 /* ContentView.swift */; };
		733630972BC3B2AA00A36FD7 /* Assets.xcassets in Resources */ = {isa = PBXBuildFile; fileRef = 733630962BC3B2AA00A36FD7 /* Assets.xcassets */; };
		7336309A2BC3B2AA00A36FD7 /* Preview Assets.xcassets in Resources */ = {isa = PBXBuildFile; fileRef = 733630992BC3B2AA00A36FD7 /* Preview Assets.xcassets */; };
		733630A22BC3B31D00A36FD7 /* Apollo in Frameworks */ = {isa = PBXBuildFile; productRef = 733630A12BC3B31D00A36FD7 /* Apollo */; };
		733630A42BC3B31D00A36FD7 /* Apollo-Dynamic in Frameworks */ = {isa = PBXBuildFile; productRef = 733630A32BC3B31D00A36FD7 /* Apollo-Dynamic */; };
		733630A62BC3B31D00A36FD7 /* ApolloAPI in Frameworks */ = {isa = PBXBuildFile; productRef = 733630A52BC3B31D00A36FD7 /* ApolloAPI */; };
		733630A82BC3B31D00A36FD7 /* ApolloSQLite in Frameworks */ = {isa = PBXBuildFile; productRef = 733630A72BC3B31D00A36FD7 /* ApolloSQLite */; };
		733630AA2BC3B31D00A36FD7 /* ApolloTestSupport in Frameworks */ = {isa = PBXBuildFile; productRef = 733630A92BC3B31D00A36FD7 /* ApolloTestSupport */; };
		733630AD2BC3B3FC00A36FD7 /* Queries.graphql in Resources */ = {isa = PBXBuildFile; fileRef = 733630AC2BC3B3FC00A36FD7 /* Queries.graphql */; };
		733630B22BC3B46100A36FD7 /* MoviesAPI in Frameworks */ = {isa = PBXBuildFile; productRef = 733630B12BC3B46100A36FD7 /* MoviesAPI */; };
		733630B52BC3B67900A36FD7 /* MovieListViewModel.swift in Sources */ = {isa = PBXBuildFile; fileRef = 733630B42BC3B67900A36FD7 /* MovieListViewModel.swift */; };
		733630B82BC3B84D00A36FD7 /* Network.swift in Sources */ = {isa = PBXBuildFile; fileRef = 733630B72BC3B84D00A36FD7 /* Network.swift */; };
		733630BB2BC3DCC700A36FD7 /* AddMovieScreen.swift in Sources */ = {isa = PBXBuildFile; fileRef = 733630BA2BC3DCC700A36FD7 /* AddMovieScreen.swift */; };
		733630BD2BC3DECB00A36FD7 /* MovieListView.swift in Sources */ = {isa = PBXBuildFile; fileRef = 733630BC2BC3DECB00A36FD7 /* MovieListView.swift */; };
		733630C12BC4531700A36FD7 /* NoResultView.swift in Sources */ = {isa = PBXBuildFile; fileRef = 733630C02BC4531700A36FD7 /* NoResultView.swift */; };
		733630C32BC48E8200A36FD7 /* GenreListViewModel.swift in Sources */ = {isa = PBXBuildFile; fileRef = 733630C22BC48E8200A36FD7 /* GenreListViewModel.swift */; };
		733630C52BC49B7E00A36FD7 /* GenreSelectionView.swift in Sources */ = {isa = PBXBuildFile; fileRef = 733630C42BC49B7E00A36FD7 /* GenreSelectionView.swift */; };
		733630C72BC4A9B900A36FD7 /* AddNewMovieViewModel.swift in Sources */ = {isa = PBXBuildFile; fileRef = 733630C62BC4A9B900A36FD7 /* AddNewMovieViewModel.swift */; };
		733630CA2BC4AE8900A36FD7 /* Webservice.swift in Sources */ = {isa = PBXBuildFile; fileRef = 733630C92BC4AE8900A36FD7 /* Webservice.swift */; };
		733630CD2BC4AF2800A36FD7 /* Movie.swift in Sources */ = {isa = PBXBuildFile; fileRef = 733630CC2BC4AF2800A36FD7 /* Movie.swift */; };
		733630D02BC4B00900A36FD7 /* Constants.swift in Sources */ = {isa = PBXBuildFile; fileRef = 733630CF2BC4B00900A36FD7 /* Constants.swift */; };
		733630D42BC4B23B00A36FD7 /* String+Extensions.swift in Sources */ = {isa = PBXBuildFile; fileRef = 733630D32BC4B23B00A36FD7 /* String+Extensions.swift */; };
		733630D62BC4B5A100A36FD7 /* MoviePosterGridView.swift in Sources */ = {isa = PBXBuildFile; fileRef = 733630D52BC4B5A100A36FD7 /* MoviePosterGridView.swift */; };
		733630D92BC4BA9A00A36FD7 /* MoviesAPI in Frameworks */ = {isa = PBXBuildFile; productRef = 733630D82BC4BA9A00A36FD7 /* MoviesAPI */; };
		733630DC2BC4C06200A36FD7 /* ImageLoader.swift in Sources */ = {isa = PBXBuildFile; fileRef = 733630DB2BC4C06200A36FD7 /* ImageLoader.swift */; };
		733630DE2BC4C08E00A36FD7 /* URLImage.swift in Sources */ = {isa = PBXBuildFile; fileRef = 733630DD2BC4C08E00A36FD7 /* URLImage.swift */; };
/* End PBXBuildFile section */

/* Begin PBXFileReference section */
		7336308F2BC3B2A600A36FD7 /* MoviesApp.app */ = {isa = PBXFileReference; explicitFileType = wrapper.application; includeInIndex = 0; path = MoviesApp.app; sourceTree = BUILT_PRODUCTS_DIR; };
		733630922BC3B2A600A36FD7 /* MoviesAppApp.swift */ = {isa = PBXFileReference; lastKnownFileType = sourcecode.swift; path = MoviesAppApp.swift; sourceTree = "<group>"; };
		733630942BC3B2A600A36FD7 /* ContentView.swift */ = {isa = PBXFileReference; lastKnownFileType = sourcecode.swift; path = ContentView.swift; sourceTree = "<group>"; };
		733630962BC3B2AA00A36FD7 /* Assets.xcassets */ = {isa = PBXFileReference; lastKnownFileType = folder.assetcatalog; path = Assets.xcassets; sourceTree = "<group>"; };
		733630992BC3B2AA00A36FD7 /* Preview Assets.xcassets */ = {isa = PBXFileReference; lastKnownFileType = folder.assetcatalog; path = "Preview Assets.xcassets"; sourceTree = "<group>"; };
		733630AC2BC3B3FC00A36FD7 /* Queries.graphql */ = {isa = PBXFileReference; lastKnownFileType = text; path = Queries.graphql; sourceTree = "<group>"; };
		733630B42BC3B67900A36FD7 /* MovieListViewModel.swift */ = {isa = PBXFileReference; lastKnownFileType = sourcecode.swift; path = MovieListViewModel.swift; sourceTree = "<group>"; };
		733630B72BC3B84D00A36FD7 /* Network.swift */ = {isa = PBXFileReference; lastKnownFileType = sourcecode.swift; path = Network.swift; sourceTree = "<group>"; };
		733630BA2BC3DCC700A36FD7 /* AddMovieScreen.swift */ = {isa = PBXFileReference; lastKnownFileType = sourcecode.swift; path = AddMovieScreen.swift; sourceTree = "<group>"; };
		733630BC2BC3DECB00A36FD7 /* MovieListView.swift */ = {isa = PBXFileReference; lastKnownFileType = sourcecode.swift; path = MovieListView.swift; sourceTree = "<group>"; };
		733630C02BC4531700A36FD7 /* NoResultView.swift */ = {isa = PBXFileReference; lastKnownFileType = sourcecode.swift; path = NoResultView.swift; sourceTree = "<group>"; };
		733630C22BC48E8200A36FD7 /* GenreListViewModel.swift */ = {isa = PBXFileReference; lastKnownFileType = sourcecode.swift; path = GenreListViewModel.swift; sourceTree = "<group>"; };
		733630C42BC49B7E00A36FD7 /* GenreSelectionView.swift */ = {isa = PBXFileReference; lastKnownFileType = sourcecode.swift; path = GenreSelectionView.swift; sourceTree = "<group>"; };
		733630C62BC4A9B900A36FD7 /* AddNewMovieViewModel.swift */ = {isa = PBXFileReference; lastKnownFileType = sourcecode.swift; path = AddNewMovieViewModel.swift; sourceTree = "<group>"; };
		733630C92BC4AE8900A36FD7 /* Webservice.swift */ = {isa = PBXFileReference; lastKnownFileType = sourcecode.swift; path = Webservice.swift; sourceTree = "<group>"; };
		733630CC2BC4AF2800A36FD7 /* Movie.swift */ = {isa = PBXFileReference; lastKnownFileType = sourcecode.swift; path = Movie.swift; sourceTree = "<group>"; };
		733630CF2BC4B00900A36FD7 /* Constants.swift */ = {isa = PBXFileReference; lastKnownFileType = sourcecode.swift; path = Constants.swift; sourceTree = "<group>"; };
		733630D12BC4B15B00A36FD7 /* Info.plist */ = {isa = PBXFileReference; lastKnownFileType = text.plist; path = Info.plist; sourceTree = "<group>"; };
		733630D32BC4B23B00A36FD7 /* String+Extensions.swift */ = {isa = PBXFileReference; lastKnownFileType = sourcecode.swift; path = "String+Extensions.swift"; sourceTree = "<group>"; };
		733630D52BC4B5A100A36FD7 /* MoviePosterGridView.swift */ = {isa = PBXFileReference; lastKnownFileType = sourcecode.swift; path = MoviePosterGridView.swift; sourceTree = "<group>"; };
		733630DB2BC4C06200A36FD7 /* ImageLoader.swift */ = {isa = PBXFileReference; lastKnownFileType = sourcecode.swift; path = ImageLoader.swift; sourceTree = "<group>"; };
		733630DD2BC4C08E00A36FD7 /* URLImage.swift */ = {isa = PBXFileReference; lastKnownFileType = sourcecode.swift; path = URLImage.swift; sourceTree = "<group>"; };
/* End PBXFileReference section */

/* Begin PBXFrameworksBuildPhase section */
		7336308C2BC3B2A600A36FD7 /* Frameworks */ = {
			isa = PBXFrameworksBuildPhase;
			buildActionMask = 2147483647;
			files = (
				733630B22BC3B46100A36FD7 /* MoviesAPI in Frameworks */,
				733630A62BC3B31D00A36FD7 /* ApolloAPI in Frameworks */,
				733630AA2BC3B31D00A36FD7 /* ApolloTestSupport in Frameworks */,
				733630A82BC3B31D00A36FD7 /* ApolloSQLite in Frameworks */,
				733630D92BC4BA9A00A36FD7 /* MoviesAPI in Frameworks */,
				733630A22BC3B31D00A36FD7 /* Apollo in Frameworks */,
				733630A42BC3B31D00A36FD7 /* Apollo-Dynamic in Frameworks */,
			);
			runOnlyForDeploymentPostprocessing = 0;
		};
/* End PBXFrameworksBuildPhase section */

/* Begin PBXGroup section */
		733630862BC3B2A600A36FD7 = {
			isa = PBXGroup;
			children = (
				733630912BC3B2A600A36FD7 /* MoviesApp */,
				733630902BC3B2A600A36FD7 /* Products */,
			);
			sourceTree = "<group>";
		};
		733630902BC3B2A600A36FD7 /* Products */ = {
			isa = PBXGroup;
			children = (
				7336308F2BC3B2A600A36FD7 /* MoviesApp.app */,
			);
			name = Products;
			sourceTree = "<group>";
		};
		733630912BC3B2A600A36FD7 /* MoviesApp */ = {
			isa = PBXGroup;
			children = (
				733630DA2BC4C05200A36FD7 /* Loaders */,
				733630D22BC4B22C00A36FD7 /* Extensions */,
				733630D12BC4B15B00A36FD7 /* Info.plist */,
				733630CE2BC4AFFE00A36FD7 /* Utils */,
				733630CB2BC4AF1D00A36FD7 /* Models */,
				733630C82BC4AE7700A36FD7 /* Services */,
				733630B92BC3DCA700A36FD7 /* Views */,
				733630B32BC3B66000A36FD7 /* ViewModels */,
				733630AB2BC3B3E100A36FD7 /* GraphlQL */,
				733630922BC3B2A600A36FD7 /* MoviesAppApp.swift */,
				733630962BC3B2AA00A36FD7 /* Assets.xcassets */,
				733630982BC3B2AA00A36FD7 /* Preview Content */,
			);
			path = MoviesApp;
			sourceTree = "<group>";
		};
		733630982BC3B2AA00A36FD7 /* Preview Content */ = {
			isa = PBXGroup;
			children = (
				733630992BC3B2AA00A36FD7 /* Preview Assets.xcassets */,
			);
			path = "Preview Content";
			sourceTree = "<group>";
		};
		733630AB2BC3B3E100A36FD7 /* GraphlQL */ = {
			isa = PBXGroup;
			children = (
				733630AC2BC3B3FC00A36FD7 /* Queries.graphql */,
				733630B72BC3B84D00A36FD7 /* Network.swift */,
			);
			path = GraphlQL;
			sourceTree = "<group>";
		};
		733630B32BC3B66000A36FD7 /* ViewModels */ = {
			isa = PBXGroup;
			children = (
				733630B42BC3B67900A36FD7 /* MovieListViewModel.swift */,
				733630C22BC48E8200A36FD7 /* GenreListViewModel.swift */,
				733630C62BC4A9B900A36FD7 /* AddNewMovieViewModel.swift */,
			);
			path = ViewModels;
			sourceTree = "<group>";
		};
		733630B92BC3DCA700A36FD7 /* Views */ = {
			isa = PBXGroup;
			children = (
				733630BA2BC3DCC700A36FD7 /* AddMovieScreen.swift */,
				733630942BC3B2A600A36FD7 /* ContentView.swift */,
				733630BC2BC3DECB00A36FD7 /* MovieListView.swift */,
				733630C02BC4531700A36FD7 /* NoResultView.swift */,
				733630C42BC49B7E00A36FD7 /* GenreSelectionView.swift */,
				733630D52BC4B5A100A36FD7 /* MoviePosterGridView.swift */,
				733630DD2BC4C08E00A36FD7 /* URLImage.swift */,
			);
			path = Views;
			sourceTree = "<group>";
		};
		733630C82BC4AE7700A36FD7 /* Services */ = {
			isa = PBXGroup;
			children = (
				733630C92BC4AE8900A36FD7 /* Webservice.swift */,
			);
			path = Services;
			sourceTree = "<group>";
		};
		733630CB2BC4AF1D00A36FD7 /* Models */ = {
			isa = PBXGroup;
			children = (
				733630CC2BC4AF2800A36FD7 /* Movie.swift */,
			);
			path = Models;
			sourceTree = "<group>";
		};
		733630CE2BC4AFFE00A36FD7 /* Utils */ = {
			isa = PBXGroup;
			children = (
				733630CF2BC4B00900A36FD7 /* Constants.swift */,
			);
			path = Utils;
			sourceTree = "<group>";
		};
		733630D22BC4B22C00A36FD7 /* Extensions */ = {
			isa = PBXGroup;
			children = (
				733630D32BC4B23B00A36FD7 /* String+Extensions.swift */,
			);
			path = Extensions;
			sourceTree = "<group>";
		};
		733630DA2BC4C05200A36FD7 /* Loaders */ = {
			isa = PBXGroup;
			children = (
				733630DB2BC4C06200A36FD7 /* ImageLoader.swift */,
			);
			path = Loaders;
			sourceTree = "<group>";
		};
/* End PBXGroup section */

/* Begin PBXNativeTarget section */
		7336308E2BC3B2A600A36FD7 /* MoviesApp */ = {
			isa = PBXNativeTarget;
			buildConfigurationList = 7336309D2BC3B2AA00A36FD7 /* Build configuration list for PBXNativeTarget "MoviesApp" */;
			buildPhases = (
				7336308B2BC3B2A600A36FD7 /* Sources */,
				7336308C2BC3B2A600A36FD7 /* Frameworks */,
				7336308D2BC3B2A600A36FD7 /* Resources */,
			);
			buildRules = (
			);
			dependencies = (
			);
			name = MoviesApp;
			packageProductDependencies = (
				733630A12BC3B31D00A36FD7 /* Apollo */,
				733630A32BC3B31D00A36FD7 /* Apollo-Dynamic */,
				733630A52BC3B31D00A36FD7 /* ApolloAPI */,
				733630A72BC3B31D00A36FD7 /* ApolloSQLite */,
				733630A92BC3B31D00A36FD7 /* ApolloTestSupport */,
				733630B12BC3B46100A36FD7 /* MoviesAPI */,
				733630D82BC4BA9A00A36FD7 /* MoviesAPI */,
			);
			productName = MoviesApp;
			productReference = 7336308F2BC3B2A600A36FD7 /* MoviesApp.app */;
			productType = "com.apple.product-type.application";
		};
/* End PBXNativeTarget section */

/* Begin PBXProject section */
		733630872BC3B2A600A36FD7 /* Project object */ = {
			isa = PBXProject;
			attributes = {
				BuildIndependentTargetsInParallel = 1;
				LastSwiftUpdateCheck = 1510;
				LastUpgradeCheck = 1510;
				TargetAttributes = {
					7336308E2BC3B2A600A36FD7 = {
						CreatedOnToolsVersion = 15.1;
					};
				};
			};
			buildConfigurationList = 7336308A2BC3B2A600A36FD7 /* Build configuration list for PBXProject "MoviesApp" */;
			compatibilityVersion = "Xcode 14.0";
			developmentRegion = en;
			hasScannedForEncodings = 0;
			knownRegions = (
				en,
				Base,
			);
			mainGroup = 733630862BC3B2A600A36FD7;
			packageReferences = (
				733630A02BC3B31D00A36FD7 /* XCRemoteSwiftPackageReference "apollo-ios" */,
				733630D72BC4BA9A00A36FD7 /* XCLocalSwiftPackageReference "MoviesAPI" */,
			);
			productRefGroup = 733630902BC3B2A600A36FD7 /* Products */;
			projectDirPath = "";
			projectRoot = "";
			targets = (
				7336308E2BC3B2A600A36FD7 /* MoviesApp */,
			);
		};
/* End PBXProject section */

/* Begin PBXResourcesBuildPhase section */
		7336308D2BC3B2A600A36FD7 /* Resources */ = {
			isa = PBXResourcesBuildPhase;
			buildActionMask = 2147483647;
			files = (
				733630AD2BC3B3FC00A36FD7 /* Queries.graphql in Resources */,
				7336309A2BC3B2AA00A36FD7 /* Preview Assets.xcassets in Resources */,
				733630972BC3B2AA00A36FD7 /* Assets.xcassets in Resources */,
			);
			runOnlyForDeploymentPostprocessing = 0;
		};
/* End PBXResourcesBuildPhase section */

/* Begin PBXSourcesBuildPhase section */
		7336308B2BC3B2A600A36FD7 /* Sources */ = {
			isa = PBXSourcesBuildPhase;
			buildActionMask = 2147483647;
			files = (
				733630C72BC4A9B900A36FD7 /* AddNewMovieViewModel.swift in Sources */,
				733630952BC3B2A600A36FD7 /* ContentView.swift in Sources */,
				733630CD2BC4AF2800A36FD7 /* Movie.swift in Sources */,
				733630932BC3B2A600A36FD7 /* MoviesAppApp.swift in Sources */,
				733630C52BC49B7E00A36FD7 /* GenreSelectionView.swift in Sources */,
				733630CA2BC4AE8900A36FD7 /* Webservice.swift in Sources */,
				733630DC2BC4C06200A36FD7 /* ImageLoader.swift in Sources */,
				733630BB2BC3DCC700A36FD7 /* AddMovieScreen.swift in Sources */,
				733630DE2BC4C08E00A36FD7 /* URLImage.swift in Sources */,
				733630D02BC4B00900A36FD7 /* Constants.swift in Sources */,
				733630D42BC4B23B00A36FD7 /* String+Extensions.swift in Sources */,
				733630B82BC3B84D00A36FD7 /* Network.swift in Sources */,
				733630C32BC48E8200A36FD7 /* GenreListViewModel.swift in Sources */,
				733630C12BC4531700A36FD7 /* NoResultView.swift in Sources */,
				733630D62BC4B5A100A36FD7 /* MoviePosterGridView.swift in Sources */,
				733630B52BC3B67900A36FD7 /* MovieListViewModel.swift in Sources */,
				733630BD2BC3DECB00A36FD7 /* MovieListView.swift in Sources */,
			);
			runOnlyForDeploymentPostprocessing = 0;
		};
/* End PBXSourcesBuildPhase section */

/* Begin XCBuildConfiguration section */
		7336309B2BC3B2AA00A36FD7 /* Debug */ = {
			isa = XCBuildConfiguration;
			buildSettings = {
				ALWAYS_SEARCH_USER_PATHS = NO;
				ASSETCATALOG_COMPILER_GENERATE_SWIFT_ASSET_SYMBOL_EXTENSIONS = YES;
				CLANG_ANALYZER_NONNULL = YES;
				CLANG_ANALYZER_NUMBER_OBJECT_CONVERSION = YES_AGGRESSIVE;
				CLANG_CXX_LANGUAGE_STANDARD = "gnu++20";
				CLANG_ENABLE_MODULES = YES;
				CLANG_ENABLE_OBJC_ARC = YES;
				CLANG_ENABLE_OBJC_WEAK = YES;
				CLANG_WARN_BLOCK_CAPTURE_AUTORELEASING = YES;
				CLANG_WARN_BOOL_CONVERSION = YES;
				CLANG_WARN_COMMA = YES;
				CLANG_WARN_CONSTANT_CONVERSION = YES;
				CLANG_WARN_DEPRECATED_OBJC_IMPLEMENTATIONS = YES;
				CLANG_WARN_DIRECT_OBJC_ISA_USAGE = YES_ERROR;
				CLANG_WARN_DOCUMENTATION_COMMENTS = YES;
				CLANG_WARN_EMPTY_BODY = YES;
				CLANG_WARN_ENUM_CONVERSION = YES;
				CLANG_WARN_INFINITE_RECURSION = YES;
				CLANG_WARN_INT_CONVERSION = YES;
				CLANG_WARN_NON_LITERAL_NULL_CONVERSION = YES;
				CLANG_WARN_OBJC_IMPLICIT_RETAIN_SELF = YES;
				CLANG_WARN_OBJC_LITERAL_CONVERSION = YES;
				CLANG_WARN_OBJC_ROOT_CLASS = YES_ERROR;
				CLANG_WARN_QUOTED_INCLUDE_IN_FRAMEWORK_HEADER = YES;
				CLANG_WARN_RANGE_LOOP_ANALYSIS = YES;
				CLANG_WARN_STRICT_PROTOTYPES = YES;
				CLANG_WARN_SUSPICIOUS_MOVE = YES;
				CLANG_WARN_UNGUARDED_AVAILABILITY = YES_AGGRESSIVE;
				CLANG_WARN_UNREACHABLE_CODE = YES;
				CLANG_WARN__DUPLICATE_METHOD_MATCH = YES;
				COPY_PHASE_STRIP = NO;
				DEBUG_INFORMATION_FORMAT = dwarf;
				ENABLE_STRICT_OBJC_MSGSEND = YES;
				ENABLE_TESTABILITY = YES;
				ENABLE_USER_SCRIPT_SANDBOXING = YES;
				GCC_C_LANGUAGE_STANDARD = gnu17;
				GCC_DYNAMIC_NO_PIC = NO;
				GCC_NO_COMMON_BLOCKS = YES;
				GCC_OPTIMIZATION_LEVEL = 0;
				GCC_PREPROCESSOR_DEFINITIONS = (
					"DEBUG=1",
					"$(inherited)",
				);
				GCC_WARN_64_TO_32_BIT_CONVERSION = YES;
				GCC_WARN_ABOUT_RETURN_TYPE = YES_ERROR;
				GCC_WARN_UNDECLARED_SELECTOR = YES;
				GCC_WARN_UNINITIALIZED_AUTOS = YES_AGGRESSIVE;
				GCC_WARN_UNUSED_FUNCTION = YES;
				GCC_WARN_UNUSED_VARIABLE = YES;
				IPHONEOS_DEPLOYMENT_TARGET = 17.2;
				LOCALIZATION_PREFERS_STRING_CATALOGS = YES;
				MTL_ENABLE_DEBUG_INFO = INCLUDE_SOURCE;
				MTL_FAST_MATH = YES;
				ONLY_ACTIVE_ARCH = YES;
				SDKROOT = iphoneos;
				SWIFT_ACTIVE_COMPILATION_CONDITIONS = "DEBUG $(inherited)";
				SWIFT_OPTIMIZATION_LEVEL = "-Onone";
			};
			name = Debug;
		};
		7336309C2BC3B2AA00A36FD7 /* Release */ = {
			isa = XCBuildConfiguration;
			buildSettings = {
				ALWAYS_SEARCH_USER_PATHS = NO;
				ASSETCATALOG_COMPILER_GENERATE_SWIFT_ASSET_SYMBOL_EXTENSIONS = YES;
				CLANG_ANALYZER_NONNULL = YES;
				CLANG_ANALYZER_NUMBER_OBJECT_CONVERSION = YES_AGGRESSIVE;
				CLANG_CXX_LANGUAGE_STANDARD = "gnu++20";
				CLANG_ENABLE_MODULES = YES;
				CLANG_ENABLE_OBJC_ARC = YES;
				CLANG_ENABLE_OBJC_WEAK = YES;
				CLANG_WARN_BLOCK_CAPTURE_AUTORELEASING = YES;
				CLANG_WARN_BOOL_CONVERSION = YES;
				CLANG_WARN_COMMA = YES;
				CLANG_WARN_CONSTANT_CONVERSION = YES;
				CLANG_WARN_DEPRECATED_OBJC_IMPLEMENTATIONS = YES;
				CLANG_WARN_DIRECT_OBJC_ISA_USAGE = YES_ERROR;
				CLANG_WARN_DOCUMENTATION_COMMENTS = YES;
				CLANG_WARN_EMPTY_BODY = YES;
				CLANG_WARN_ENUM_CONVERSION = YES;
				CLANG_WARN_INFINITE_RECURSION = YES;
				CLANG_WARN_INT_CONVERSION = YES;
				CLANG_WARN_NON_LITERAL_NULL_CONVERSION = YES;
				CLANG_WARN_OBJC_IMPLICIT_RETAIN_SELF = YES;
				CLANG_WARN_OBJC_LITERAL_CONVERSION = YES;
				CLANG_WARN_OBJC_ROOT_CLASS = YES_ERROR;
				CLANG_WARN_QUOTED_INCLUDE_IN_FRAMEWORK_HEADER = YES;
				CLANG_WARN_RANGE_LOOP_ANALYSIS = YES;
				CLANG_WARN_STRICT_PROTOTYPES = YES;
				CLANG_WARN_SUSPICIOUS_MOVE = YES;
				CLANG_WARN_UNGUARDED_AVAILABILITY = YES_AGGRESSIVE;
				CLANG_WARN_UNREACHABLE_CODE = YES;
				CLANG_WARN__DUPLICATE_METHOD_MATCH = YES;
				COPY_PHASE_STRIP = NO;
				DEBUG_INFORMATION_FORMAT = "dwarf-with-dsym";
				ENABLE_NS_ASSERTIONS = NO;
				ENABLE_STRICT_OBJC_MSGSEND = YES;
				ENABLE_USER_SCRIPT_SANDBOXING = YES;
				GCC_C_LANGUAGE_STANDARD = gnu17;
				GCC_NO_COMMON_BLOCKS = YES;
				GCC_WARN_64_TO_32_BIT_CONVERSION = YES;
				GCC_WARN_ABOUT_RETURN_TYPE = YES_ERROR;
				GCC_WARN_UNDECLARED_SELECTOR = YES;
				GCC_WARN_UNINITIALIZED_AUTOS = YES_AGGRESSIVE;
				GCC_WARN_UNUSED_FUNCTION = YES;
				GCC_WARN_UNUSED_VARIABLE = YES;
				IPHONEOS_DEPLOYMENT_TARGET = 17.2;
				LOCALIZATION_PREFERS_STRING_CATALOGS = YES;
				MTL_ENABLE_DEBUG_INFO = NO;
				MTL_FAST_MATH = YES;
				SDKROOT = iphoneos;
				SWIFT_COMPILATION_MODE = wholemodule;
				VALIDATE_PRODUCT = YES;
			};
			name = Release;
		};
		7336309E2BC3B2AA00A36FD7 /* Debug */ = {
			isa = XCBuildConfiguration;
			buildSettings = {
				ASSETCATALOG_COMPILER_APPICON_NAME = AppIcon;
				ASSETCATALOG_COMPILER_GLOBAL_ACCENT_COLOR_NAME = AccentColor;
				CODE_SIGN_STYLE = Automatic;
				CURRENT_PROJECT_VERSION = 1;
				DEVELOPMENT_ASSET_PATHS = "\"MoviesApp/Preview Content\"";
				ENABLE_PREVIEWS = YES;
				GENERATE_INFOPLIST_FILE = YES;
				INFOPLIST_FILE = MoviesApp/Info.plist;
				INFOPLIST_KEY_UIApplicationSceneManifest_Generation = YES;
				INFOPLIST_KEY_UIApplicationSupportsIndirectInputEvents = YES;
				INFOPLIST_KEY_UILaunchScreen_Generation = YES;
				INFOPLIST_KEY_UISupportedInterfaceOrientations_iPad = "UIInterfaceOrientationPortrait UIInterfaceOrientationPortraitUpsideDown UIInterfaceOrientationLandscapeLeft UIInterfaceOrientationLandscapeRight";
				INFOPLIST_KEY_UISupportedInterfaceOrientations_iPhone = "UIInterfaceOrientationPortrait UIInterfaceOrientationLandscapeLeft UIInterfaceOrientationLandscapeRight";
				LD_RUNPATH_SEARCH_PATHS = (
					"$(inherited)",
					"@executable_path/Frameworks",
				);
				MARKETING_VERSION = 1.0;
				PRODUCT_BUNDLE_IDENTIFIER = com.magician.MoviesApp;
				PRODUCT_NAME = "$(TARGET_NAME)";
				SWIFT_EMIT_LOC_STRINGS = YES;
				SWIFT_VERSION = 5.0;
				TARGETED_DEVICE_FAMILY = "1,2";
			};
			name = Debug;
		};
		7336309F2BC3B2AA00A36FD7 /* Release */ = {
			isa = XCBuildConfiguration;
			buildSettings = {
				ASSETCATALOG_COMPILER_APPICON_NAME = AppIcon;
				ASSETCATALOG_COMPILER_GLOBAL_ACCENT_COLOR_NAME = AccentColor;
				CODE_SIGN_STYLE = Automatic;
				CURRENT_PROJECT_VERSION = 1;
				DEVELOPMENT_ASSET_PATHS = "\"MoviesApp/Preview Content\"";
				ENABLE_PREVIEWS = YES;
				GENERATE_INFOPLIST_FILE = YES;
				INFOPLIST_FILE = MoviesApp/Info.plist;
				INFOPLIST_KEY_UIApplicationSceneManifest_Generation = YES;
				INFOPLIST_KEY_UIApplicationSupportsIndirectInputEvents = YES;
				INFOPLIST_KEY_UILaunchScreen_Generation = YES;
				INFOPLIST_KEY_UISupportedInterfaceOrientations_iPad = "UIInterfaceOrientationPortrait UIInterfaceOrientationPortraitUpsideDown UIInterfaceOrientationLandscapeLeft UIInterfaceOrientationLandscapeRight";
				INFOPLIST_KEY_UISupportedInterfaceOrientations_iPhone = "UIInterfaceOrientationPortrait UIInterfaceOrientationLandscapeLeft UIInterfaceOrientationLandscapeRight";
				LD_RUNPATH_SEARCH_PATHS = (
					"$(inherited)",
					"@executable_path/Frameworks",
				);
				MARKETING_VERSION = 1.0;
				PRODUCT_BUNDLE_IDENTIFIER = com.magician.MoviesApp;
				PRODUCT_NAME = "$(TARGET_NAME)";
				SWIFT_EMIT_LOC_STRINGS = YES;
				SWIFT_VERSION = 5.0;
				TARGETED_DEVICE_FAMILY = "1,2";
			};
			name = Release;
		};
/* End XCBuildConfiguration section */

/* Begin XCConfigurationList section */
		7336308A2BC3B2A600A36FD7 /* Build configuration list for PBXProject "MoviesApp" */ = {
			isa = XCConfigurationList;
			buildConfigurations = (
				7336309B2BC3B2AA00A36FD7 /* Debug */,
				7336309C2BC3B2AA00A36FD7 /* Release */,
			);
			defaultConfigurationIsVisible = 0;
			defaultConfigurationName = Release;
		};
		7336309D2BC3B2AA00A36FD7 /* Build configuration list for PBXNativeTarget "MoviesApp" */ = {
			isa = XCConfigurationList;
			buildConfigurations = (
				7336309E2BC3B2AA00A36FD7 /* Debug */,
				7336309F2BC3B2AA00A36FD7 /* Release */,
			);
			defaultConfigurationIsVisible = 0;
			defaultConfigurationName = Release;
		};
/* End XCConfigurationList section */

/* Begin XCLocalSwiftPackageReference section */
		733630D72BC4BA9A00A36FD7 /* XCLocalSwiftPackageReference "MoviesAPI" */ = {
			isa = XCLocalSwiftPackageReference;
			relativePath = MoviesAPI;
		};
/* End XCLocalSwiftPackageReference section */

/* Begin XCRemoteSwiftPackageReference section */
		733630A02BC3B31D00A36FD7 /* XCRemoteSwiftPackageReference "apollo-ios" */ = {
			isa = XCRemoteSwiftPackageReference;
			repositoryURL = "https://github.com/apollographql/apollo-ios.git";
			requirement = {
				kind = upToNextMajorVersion;
				minimumVersion = 1.9.3;
			};
		};
/* End XCRemoteSwiftPackageReference section */

/* Begin XCSwiftPackageProductDependency section */
		733630A12BC3B31D00A36FD7 /* Apollo */ = {
			isa = XCSwiftPackageProductDependency;
			package = 733630A02BC3B31D00A36FD7 /* XCRemoteSwiftPackageReference "apollo-ios" */;
			productName = Apollo;
		};
		733630A32BC3B31D00A36FD7 /* Apollo-Dynamic */ = {
			isa = XCSwiftPackageProductDependency;
			package = 733630A02BC3B31D00A36FD7 /* XCRemoteSwiftPackageReference "apollo-ios" */;
			productName = "Apollo-Dynamic";
		};
		733630A52BC3B31D00A36FD7 /* ApolloAPI */ = {
			isa = XCSwiftPackageProductDependency;
			package = 733630A02BC3B31D00A36FD7 /* XCRemoteSwiftPackageReference "apollo-ios" */;
			productName = ApolloAPI;
		};
		733630A72BC3B31D00A36FD7 /* ApolloSQLite */ = {
			isa = XCSwiftPackageProductDependency;
			package = 733630A02BC3B31D00A36FD7 /* XCRemoteSwiftPackageReference "apollo-ios" */;
			productName = ApolloSQLite;
		};
		733630A92BC3B31D00A36FD7 /* ApolloTestSupport */ = {
			isa = XCSwiftPackageProductDependency;
			package = 733630A02BC3B31D00A36FD7 /* XCRemoteSwiftPackageReference "apollo-ios" */;
			productName = ApolloTestSupport;
		};
		733630B12BC3B46100A36FD7 /* MoviesAPI */ = {
			isa = XCSwiftPackageProductDependency;
			productName = MoviesAPI;
		};
		733630D82BC4BA9A00A36FD7 /* MoviesAPI */ = {
			isa = XCSwiftPackageProductDependency;
			productName = MoviesAPI;
		};
/* End XCSwiftPackageProductDependency section */
	};
	rootObject = 733630872BC3B2A600A36FD7 /* Project object */;
}
